// !$*UTF8*$!
{
	archiveVersion = 1;
	classes = {
	};
	objectVersion = 46;
	objects = {

/* Begin PBXBuildFile section */
		3A5A592E18AE8D1A0046F00B /* FriendsViewController.m in Sources */ = {isa = PBXBuildFile; fileRef = 3A5A592D18AE8D1A0046F00B /* FriendsViewController.m */; };
		3A5A593118AEB2E00046F00B /* FriendsGroupDetailCell.m in Sources */ = {isa = PBXBuildFile; fileRef = 3A5A593018AEB2E00046F00B /* FriendsGroupDetailCell.m */; };
		3A5A593318AEB6230046F00B /* addbutton.jpeg in Resources */ = {isa = PBXBuildFile; fileRef = 3A5A593218AEB6230046F00B /* addbutton.jpeg */; };
		3A5A593618B04E0A0046F00B /* AddPointViewController.m in Sources */ = {isa = PBXBuildFile; fileRef = 3A5A593518B04E0A0046F00B /* AddPointViewController.m */; };
		3A9A37F118A9267800F604F0 /* Foundation.framework in Frameworks */ = {isa = PBXBuildFile; fileRef = 3A9A37F018A9267800F604F0 /* Foundation.framework */; };
		3A9A37F318A9267800F604F0 /* CoreGraphics.framework in Frameworks */ = {isa = PBXBuildFile; fileRef = 3A9A37F218A9267800F604F0 /* CoreGraphics.framework */; };
		3A9A37F518A9267800F604F0 /* UIKit.framework in Frameworks */ = {isa = PBXBuildFile; fileRef = 3A9A37F418A9267800F604F0 /* UIKit.framework */; };
		3A9A37FB18A9267800F604F0 /* InfoPlist.strings in Resources */ = {isa = PBXBuildFile; fileRef = 3A9A37F918A9267800F604F0 /* InfoPlist.strings */; };
		3A9A37FD18A9267800F604F0 /* main.m in Sources */ = {isa = PBXBuildFile; fileRef = 3A9A37FC18A9267800F604F0 /* main.m */; };
		3A9A380118A9267800F604F0 /* AppDelegate.m in Sources */ = {isa = PBXBuildFile; fileRef = 3A9A380018A9267800F604F0 /* AppDelegate.m */; };
		3A9A380418A9267800F604F0 /* Main.storyboard in Resources */ = {isa = PBXBuildFile; fileRef = 3A9A380218A9267800F604F0 /* Main.storyboard */; };
		3A9A380718A9267800F604F0 /* ViewController.m in Sources */ = {isa = PBXBuildFile; fileRef = 3A9A380618A9267800F604F0 /* ViewController.m */; };
		3A9A380918A9267800F604F0 /* Images.xcassets in Resources */ = {isa = PBXBuildFile; fileRef = 3A9A380818A9267800F604F0 /* Images.xcassets */; };
		3A9A381018A9267800F604F0 /* XCTest.framework in Frameworks */ = {isa = PBXBuildFile; fileRef = 3A9A380F18A9267800F604F0 /* XCTest.framework */; };
		3A9A381118A9267800F604F0 /* Foundation.framework in Frameworks */ = {isa = PBXBuildFile; fileRef = 3A9A37F018A9267800F604F0 /* Foundation.framework */; };
		3A9A381218A9267800F604F0 /* UIKit.framework in Frameworks */ = {isa = PBXBuildFile; fileRef = 3A9A37F418A9267800F604F0 /* UIKit.framework */; };
		3A9A381A18A9267800F604F0 /* InfoPlist.strings in Resources */ = {isa = PBXBuildFile; fileRef = 3A9A381818A9267800F604F0 /* InfoPlist.strings */; };
		3A9A381C18A9267800F604F0 /* PointsTests.m in Sources */ = {isa = PBXBuildFile; fileRef = 3A9A381B18A9267800F604F0 /* PointsTests.m */; };
		3AFE993A18A9432C00D3D9EE /* CreateGroupViewController.m in Sources */ = {isa = PBXBuildFile; fileRef = 3AFE993918A9432C00D3D9EE /* CreateGroupViewController.m */; };
		3AFE993D18A97CB600D3D9EE /* NewsfeedViewController.m in Sources */ = {isa = PBXBuildFile; fileRef = 3AFE993C18A97CB600D3D9EE /* NewsfeedViewController.m */; };
		A6D5181BE02142D4B5159C35 /* libPods.a in Frameworks */ = {isa = PBXBuildFile; fileRef = 03A8F29B83624CD0B44B30BC /* libPods.a */; };
		D12D5EBD18AD444B00940381 /* AddressBook.framework in Frameworks */ = {isa = PBXBuildFile; fileRef = D12D5EBC18AD444B00940381 /* AddressBook.framework */; };
		D12D5EBF18AD445200940381 /* AddressBookUI.framework in Frameworks */ = {isa = PBXBuildFile; fileRef = D12D5EBE18AD445200940381 /* AddressBookUI.framework */; };
		E0984CE318AA8D5E00AAE67A /* GroupsViewController.m in Sources */ = {isa = PBXBuildFile; fileRef = E0984CE218AA8D5E00AAE67A /* GroupsViewController.m */; };
		E0984CE618AAD79100AAE67A /* ProfileViewController.m in Sources */ = {isa = PBXBuildFile; fileRef = E0984CE518AAD79100AAE67A /* ProfileViewController.m */; };
/* End PBXBuildFile section */

/* Begin PBXContainerItemProxy section */
		3A9A381318A9267800F604F0 /* PBXContainerItemProxy */ = {
			isa = PBXContainerItemProxy;
			containerPortal = 3A9A37E518A9267800F604F0 /* Project object */;
			proxyType = 1;
			remoteGlobalIDString = 3A9A37EC18A9267800F604F0;
			remoteInfo = Points;
		};
/* End PBXContainerItemProxy section */

/* Begin PBXFileReference section */
		03A8F29B83624CD0B44B30BC /* libPods.a */ = {isa = PBXFileReference; explicitFileType = archive.ar; includeInIndex = 0; path = libPods.a; sourceTree = BUILT_PRODUCTS_DIR; };
		2F1CBA4AED6447B596F9C26C /* Pods.xcconfig */ = {isa = PBXFileReference; includeInIndex = 1; lastKnownFileType = text.xcconfig; name = Pods.xcconfig; path = Pods/Pods.xcconfig; sourceTree = "<group>"; };
		3A5A592C18AE8D1A0046F00B /* FriendsViewController.h */ = {isa = PBXFileReference; fileEncoding = 4; lastKnownFileType = sourcecode.c.h; path = FriendsViewController.h; sourceTree = "<group>"; };
		3A5A592D18AE8D1A0046F00B /* FriendsViewController.m */ = {isa = PBXFileReference; fileEncoding = 4; lastKnownFileType = sourcecode.c.objc; path = FriendsViewController.m; sourceTree = "<group>"; };
		3A5A592F18AEB2E00046F00B /* FriendsGroupDetailCell.h */ = {isa = PBXFileReference; fileEncoding = 4; lastKnownFileType = sourcecode.c.h; path = FriendsGroupDetailCell.h; sourceTree = "<group>"; };
		3A5A593018AEB2E00046F00B /* FriendsGroupDetailCell.m */ = {isa = PBXFileReference; fileEncoding = 4; lastKnownFileType = sourcecode.c.objc; path = FriendsGroupDetailCell.m; sourceTree = "<group>"; };
		3A5A593218AEB6230046F00B /* addbutton.jpeg */ = {isa = PBXFileReference; lastKnownFileType = image.jpeg; path = addbutton.jpeg; sourceTree = "<group>"; };
		3A5A593418B04E0A0046F00B /* AddPointViewController.h */ = {isa = PBXFileReference; fileEncoding = 4; lastKnownFileType = sourcecode.c.h; path = AddPointViewController.h; sourceTree = "<group>"; };
		3A5A593518B04E0A0046F00B /* AddPointViewController.m */ = {isa = PBXFileReference; fileEncoding = 4; lastKnownFileType = sourcecode.c.objc; path = AddPointViewController.m; sourceTree = "<group>"; };
		3A9A37ED18A9267800F604F0 /* Points.app */ = {isa = PBXFileReference; explicitFileType = wrapper.application; includeInIndex = 0; path = Points.app; sourceTree = BUILT_PRODUCTS_DIR; };
		3A9A37F018A9267800F604F0 /* Foundation.framework */ = {isa = PBXFileReference; lastKnownFileType = wrapper.framework; name = Foundation.framework; path = System/Library/Frameworks/Foundation.framework; sourceTree = SDKROOT; };
		3A9A37F218A9267800F604F0 /* CoreGraphics.framework */ = {isa = PBXFileReference; lastKnownFileType = wrapper.framework; name = CoreGraphics.framework; path = System/Library/Frameworks/CoreGraphics.framework; sourceTree = SDKROOT; };
		3A9A37F418A9267800F604F0 /* UIKit.framework */ = {isa = PBXFileReference; lastKnownFileType = wrapper.framework; name = UIKit.framework; path = System/Library/Frameworks/UIKit.framework; sourceTree = SDKROOT; };
		3A9A37F818A9267800F604F0 /* Points-Info.plist */ = {isa = PBXFileReference; lastKnownFileType = text.plist.xml; path = "Points-Info.plist"; sourceTree = "<group>"; };
		3A9A37FA18A9267800F604F0 /* en */ = {isa = PBXFileReference; lastKnownFileType = text.plist.strings; name = en; path = en.lproj/InfoPlist.strings; sourceTree = "<group>"; };
		3A9A37FC18A9267800F604F0 /* main.m */ = {isa = PBXFileReference; lastKnownFileType = sourcecode.c.objc; path = main.m; sourceTree = "<group>"; };
		3A9A37FE18A9267800F604F0 /* Points-Prefix.pch */ = {isa = PBXFileReference; lastKnownFileType = sourcecode.c.h; path = "Points-Prefix.pch"; sourceTree = "<group>"; };
		3A9A37FF18A9267800F604F0 /* AppDelegate.h */ = {isa = PBXFileReference; lastKnownFileType = sourcecode.c.h; path = AppDelegate.h; sourceTree = "<group>"; };
		3A9A380018A9267800F604F0 /* AppDelegate.m */ = {isa = PBXFileReference; lastKnownFileType = sourcecode.c.objc; path = AppDelegate.m; sourceTree = "<group>"; };
		3A9A380318A9267800F604F0 /* Base */ = {isa = PBXFileReference; lastKnownFileType = file.storyboard; name = Base; path = Base.lproj/Main.storyboard; sourceTree = "<group>"; };
		3A9A380518A9267800F604F0 /* ViewController.h */ = {isa = PBXFileReference; lastKnownFileType = sourcecode.c.h; path = ViewController.h; sourceTree = "<group>"; };
		3A9A380618A9267800F604F0 /* ViewController.m */ = {isa = PBXFileReference; lastKnownFileType = sourcecode.c.objc; path = ViewController.m; sourceTree = "<group>"; };
		3A9A380818A9267800F604F0 /* Images.xcassets */ = {isa = PBXFileReference; lastKnownFileType = folder.assetcatalog; path = Images.xcassets; sourceTree = "<group>"; };
		3A9A380E18A9267800F604F0 /* PointsTests.xctest */ = {isa = PBXFileReference; explicitFileType = wrapper.cfbundle; includeInIndex = 0; path = PointsTests.xctest; sourceTree = BUILT_PRODUCTS_DIR; };
		3A9A380F18A9267800F604F0 /* XCTest.framework */ = {isa = PBXFileReference; lastKnownFileType = wrapper.framework; name = XCTest.framework; path = Library/Frameworks/XCTest.framework; sourceTree = DEVELOPER_DIR; };
		3A9A381718A9267800F604F0 /* PointsTests-Info.plist */ = {isa = PBXFileReference; lastKnownFileType = text.plist.xml; path = "PointsTests-Info.plist"; sourceTree = "<group>"; };
		3A9A381918A9267800F604F0 /* en */ = {isa = PBXFileReference; lastKnownFileType = text.plist.strings; name = en; path = en.lproj/InfoPlist.strings; sourceTree = "<group>"; };
		3A9A381B18A9267800F604F0 /* PointsTests.m */ = {isa = PBXFileReference; lastKnownFileType = sourcecode.c.objc; path = PointsTests.m; sourceTree = "<group>"; };
		3AFE993818A9432C00D3D9EE /* CreateGroupViewController.h */ = {isa = PBXFileReference; fileEncoding = 4; lastKnownFileType = sourcecode.c.h; path = CreateGroupViewController.h; sourceTree = "<group>"; };
		3AFE993918A9432C00D3D9EE /* CreateGroupViewController.m */ = {isa = PBXFileReference; fileEncoding = 4; lastKnownFileType = sourcecode.c.objc; path = CreateGroupViewController.m; sourceTree = "<group>"; };
		3AFE993B18A97CB600D3D9EE /* NewsfeedViewController.h */ = {isa = PBXFileReference; fileEncoding = 4; lastKnownFileType = sourcecode.c.h; path = NewsfeedViewController.h; sourceTree = "<group>"; };
		3AFE993C18A97CB600D3D9EE /* NewsfeedViewController.m */ = {isa = PBXFileReference; fileEncoding = 4; lastKnownFileType = sourcecode.c.objc; path = NewsfeedViewController.m; sourceTree = "<group>"; };
		D12D5EBC18AD444B00940381 /* AddressBook.framework */ = {isa = PBXFileReference; lastKnownFileType = wrapper.framework; name = AddressBook.framework; path = System/Library/Frameworks/AddressBook.framework; sourceTree = SDKROOT; };
		D12D5EBE18AD445200940381 /* AddressBookUI.framework */ = {isa = PBXFileReference; lastKnownFileType = wrapper.framework; name = AddressBookUI.framework; path = System/Library/Frameworks/AddressBookUI.framework; sourceTree = SDKROOT; };
		D1B235AE18AEFCA7009D5BDD /* FacebookSDK.framework */ = {isa = PBXFileReference; lastKnownFileType = wrapper.framework; name = FacebookSDK.framework; path = ../../FacebookSDK/FacebookSDK.framework; sourceTree = "<group>"; };
		D1B235B018AF202A009D5BDD /* Accounts.framework */ = {isa = PBXFileReference; lastKnownFileType = wrapper.framework; name = Accounts.framework; path = System/Library/Frameworks/Accounts.framework; sourceTree = SDKROOT; };
		D1B235B118AF202A009D5BDD /* AdSupport.framework */ = {isa = PBXFileReference; lastKnownFileType = wrapper.framework; name = AdSupport.framework; path = System/Library/Frameworks/AdSupport.framework; sourceTree = SDKROOT; };
		D1B235B418AF203F009D5BDD /* libsqlite3.dylib */ = {isa = PBXFileReference; lastKnownFileType = "compiled.mach-o.dylib"; name = libsqlite3.dylib; path = usr/lib/libsqlite3.dylib; sourceTree = SDKROOT; };
		D1B235B618AF2050009D5BDD /* Security.framework */ = {isa = PBXFileReference; lastKnownFileType = wrapper.framework; name = Security.framework; path = System/Library/Frameworks/Security.framework; sourceTree = SDKROOT; };
		D1B235B718AF2050009D5BDD /* Social.framework */ = {isa = PBXFileReference; lastKnownFileType = wrapper.framework; name = Social.framework; path = System/Library/Frameworks/Social.framework; sourceTree = SDKROOT; };
		E0984CE118AA8D5E00AAE67A /* GroupsViewController.h */ = {isa = PBXFileReference; fileEncoding = 4; lastKnownFileType = sourcecode.c.h; path = GroupsViewController.h; sourceTree = "<group>"; };
		E0984CE218AA8D5E00AAE67A /* GroupsViewController.m */ = {isa = PBXFileReference; fileEncoding = 4; lastKnownFileType = sourcecode.c.objc; path = GroupsViewController.m; sourceTree = "<group>"; };
		E0984CE418AAD79100AAE67A /* ProfileViewController.h */ = {isa = PBXFileReference; fileEncoding = 4; lastKnownFileType = sourcecode.c.h; path = ProfileViewController.h; sourceTree = "<group>"; };
		E0984CE518AAD79100AAE67A /* ProfileViewController.m */ = {isa = PBXFileReference; fileEncoding = 4; lastKnownFileType = sourcecode.c.objc; path = ProfileViewController.m; sourceTree = "<group>"; };
/* End PBXFileReference section */

/* Begin PBXFrameworksBuildPhase section */
		3A9A37EA18A9267800F604F0 /* Frameworks */ = {
			isa = PBXFrameworksBuildPhase;
			buildActionMask = 2147483647;
			files = (
				D12D5EBF18AD445200940381 /* AddressBookUI.framework in Frameworks */,
				D12D5EBD18AD444B00940381 /* AddressBook.framework in Frameworks */,
				3A9A37F318A9267800F604F0 /* CoreGraphics.framework in Frameworks */,
				3A9A37F518A9267800F604F0 /* UIKit.framework in Frameworks */,
				3A9A37F118A9267800F604F0 /* Foundation.framework in Frameworks */,
				A6D5181BE02142D4B5159C35 /* libPods.a in Frameworks */,
			);
			runOnlyForDeploymentPostprocessing = 0;
		};
		3A9A380B18A9267800F604F0 /* Frameworks */ = {
			isa = PBXFrameworksBuildPhase;
			buildActionMask = 2147483647;
			files = (
				3A9A381018A9267800F604F0 /* XCTest.framework in Frameworks */,
				3A9A381218A9267800F604F0 /* UIKit.framework in Frameworks */,
				3A9A381118A9267800F604F0 /* Foundation.framework in Frameworks */,
			);
			runOnlyForDeploymentPostprocessing = 0;
		};
/* End PBXFrameworksBuildPhase section */

/* Begin PBXGroup section */
		3A9A37E418A9267800F604F0 = {
			isa = PBXGroup;
			children = (
				3A9A37F618A9267800F604F0 /* Points */,
				3A9A381518A9267800F604F0 /* PointsTests */,
				3A9A37EF18A9267800F604F0 /* Frameworks */,
				3A9A37EE18A9267800F604F0 /* Products */,
				2F1CBA4AED6447B596F9C26C /* Pods.xcconfig */,
			);
			sourceTree = "<group>";
		};
		3A9A37EE18A9267800F604F0 /* Products */ = {
			isa = PBXGroup;
			children = (
				3A9A37ED18A9267800F604F0 /* Points.app */,
				3A9A380E18A9267800F604F0 /* PointsTests.xctest */,
			);
			name = Products;
			sourceTree = "<group>";
		};
		3A9A37EF18A9267800F604F0 /* Frameworks */ = {
			isa = PBXGroup;
			children = (
				D1B235B618AF2050009D5BDD /* Security.framework */,
				D1B235B718AF2050009D5BDD /* Social.framework */,
				D1B235B418AF203F009D5BDD /* libsqlite3.dylib */,
				D1B235B018AF202A009D5BDD /* Accounts.framework */,
				D1B235B118AF202A009D5BDD /* AdSupport.framework */,
				D1B235AE18AEFCA7009D5BDD /* FacebookSDK.framework */,
				D12D5EBE18AD445200940381 /* AddressBookUI.framework */,
				D12D5EBC18AD444B00940381 /* AddressBook.framework */,
				3A9A37F018A9267800F604F0 /* Foundation.framework */,
				3A9A37F218A9267800F604F0 /* CoreGraphics.framework */,
				3A9A37F418A9267800F604F0 /* UIKit.framework */,
				3A9A380F18A9267800F604F0 /* XCTest.framework */,
				03A8F29B83624CD0B44B30BC /* libPods.a */,
			);
			name = Frameworks;
			sourceTree = "<group>";
		};
		3A9A37F618A9267800F604F0 /* Points */ = {
			isa = PBXGroup;
			children = (
				3A9A37FF18A9267800F604F0 /* AppDelegate.h */,
				3A9A380018A9267800F604F0 /* AppDelegate.m */,
				3A9A380218A9267800F604F0 /* Main.storyboard */,
				3A5A592F18AEB2E00046F00B /* FriendsGroupDetailCell.h */,
				3A5A593018AEB2E00046F00B /* FriendsGroupDetailCell.m */,
				3A5A592C18AE8D1A0046F00B /* FriendsViewController.h */,
				3A5A592D18AE8D1A0046F00B /* FriendsViewController.m */,
				3A5A593418B04E0A0046F00B /* AddPointViewController.h */,
				3A5A593518B04E0A0046F00B /* AddPointViewController.m */,
				E0984CE418AAD79100AAE67A /* ProfileViewController.h */,
				E0984CE518AAD79100AAE67A /* ProfileViewController.m */,
				3AFE993B18A97CB600D3D9EE /* NewsfeedViewController.h */,
				3AFE993C18A97CB600D3D9EE /* NewsfeedViewController.m */,
				3AFE993818A9432C00D3D9EE /* CreateGroupViewController.h */,
				3AFE993918A9432C00D3D9EE /* CreateGroupViewController.m */,
				E0984CE118AA8D5E00AAE67A /* GroupsViewController.h */,
				E0984CE218AA8D5E00AAE67A /* GroupsViewController.m */,
				3A9A380518A9267800F604F0 /* ViewController.h */,
				3A9A380618A9267800F604F0 /* ViewController.m */,
				3A9A380818A9267800F604F0 /* Images.xcassets */,
				3A9A37F718A9267800F604F0 /* Supporting Files */,
			);
			path = Points;
			sourceTree = "<group>";
		};
		3A9A37F718A9267800F604F0 /* Supporting Files */ = {
			isa = PBXGroup;
			children = (
				3A5A593218AEB6230046F00B /* addbutton.jpeg */,
				3A9A37F818A9267800F604F0 /* Points-Info.plist */,
				3A9A37F918A9267800F604F0 /* InfoPlist.strings */,
				3A9A37FC18A9267800F604F0 /* main.m */,
				3A9A37FE18A9267800F604F0 /* Points-Prefix.pch */,
			);
			name = "Supporting Files";
			sourceTree = "<group>";
		};
		3A9A381518A9267800F604F0 /* PointsTests */ = {
			isa = PBXGroup;
			children = (
				3A9A381B18A9267800F604F0 /* PointsTests.m */,
				3A9A381618A9267800F604F0 /* Supporting Files */,
			);
			path = PointsTests;
			sourceTree = "<group>";
		};
		3A9A381618A9267800F604F0 /* Supporting Files */ = {
			isa = PBXGroup;
			children = (
				3A9A381718A9267800F604F0 /* PointsTests-Info.plist */,
				3A9A381818A9267800F604F0 /* InfoPlist.strings */,
			);
			name = "Supporting Files";
			sourceTree = "<group>";
		};
/* End PBXGroup section */

/* Begin PBXNativeTarget section */
		3A9A37EC18A9267800F604F0 /* Points */ = {
			isa = PBXNativeTarget;
			buildConfigurationList = 3A9A381F18A9267800F604F0 /* Build configuration list for PBXNativeTarget "Points" */;
			buildPhases = (
				B8827056EFDA4DFC81436F64 /* Check Pods Manifest.lock */,
				3A9A37E918A9267800F604F0 /* Sources */,
				3A9A37EA18A9267800F604F0 /* Frameworks */,
				3A9A37EB18A9267800F604F0 /* Resources */,
				12A654A84E46478C844396AC /* Copy Pods Resources */,
			);
			buildRules = (
			);
			dependencies = (
			);
			name = Points;
			productName = Points;
			productReference = 3A9A37ED18A9267800F604F0 /* Points.app */;
			productType = "com.apple.product-type.application";
		};
		3A9A380D18A9267800F604F0 /* PointsTests */ = {
			isa = PBXNativeTarget;
			buildConfigurationList = 3A9A382218A9267800F604F0 /* Build configuration list for PBXNativeTarget "PointsTests" */;
			buildPhases = (
				3A9A380A18A9267800F604F0 /* Sources */,
				3A9A380B18A9267800F604F0 /* Frameworks */,
				3A9A380C18A9267800F604F0 /* Resources */,
			);
			buildRules = (
			);
			dependencies = (
				3A9A381418A9267800F604F0 /* PBXTargetDependency */,
			);
			name = PointsTests;
			productName = PointsTests;
			productReference = 3A9A380E18A9267800F604F0 /* PointsTests.xctest */;
			productType = "com.apple.product-type.bundle.unit-test";
		};
/* End PBXNativeTarget section */

/* Begin PBXProject section */
		3A9A37E518A9267800F604F0 /* Project object */ = {
			isa = PBXProject;
			attributes = {
				LastUpgradeCheck = 0500;
				ORGANIZATIONNAME = "Matthew Graham";
				TargetAttributes = {
					3A9A380D18A9267800F604F0 = {
						TestTargetID = 3A9A37EC18A9267800F604F0;
					};
				};
			};
			buildConfigurationList = 3A9A37E818A9267800F604F0 /* Build configuration list for PBXProject "Points" */;
			compatibilityVersion = "Xcode 3.2";
			developmentRegion = English;
			hasScannedForEncodings = 0;
			knownRegions = (
				en,
				Base,
			);
			mainGroup = 3A9A37E418A9267800F604F0;
			productRefGroup = 3A9A37EE18A9267800F604F0 /* Products */;
			projectDirPath = "";
			projectRoot = "";
			targets = (
				3A9A37EC18A9267800F604F0 /* Points */,
				3A9A380D18A9267800F604F0 /* PointsTests */,
			);
		};
/* End PBXProject section */

/* Begin PBXResourcesBuildPhase section */
		3A9A37EB18A9267800F604F0 /* Resources */ = {
			isa = PBXResourcesBuildPhase;
			buildActionMask = 2147483647;
			files = (
				3A9A380918A9267800F604F0 /* Images.xcassets in Resources */,
				3A9A37FB18A9267800F604F0 /* InfoPlist.strings in Resources */,
				3A9A380418A9267800F604F0 /* Main.storyboard in Resources */,
				3A5A593318AEB6230046F00B /* addbutton.jpeg in Resources */,
			);
			runOnlyForDeploymentPostprocessing = 0;
		};
		3A9A380C18A9267800F604F0 /* Resources */ = {
			isa = PBXResourcesBuildPhase;
			buildActionMask = 2147483647;
			files = (
				3A9A381A18A9267800F604F0 /* InfoPlist.strings in Resources */,
			);
			runOnlyForDeploymentPostprocessing = 0;
		};
/* End PBXResourcesBuildPhase section */

/* Begin PBXShellScriptBuildPhase section */
		12A654A84E46478C844396AC /* Copy Pods Resources */ = {
			isa = PBXShellScriptBuildPhase;
			buildActionMask = 2147483647;
			files = (
			);
			inputPaths = (
			);
			name = "Copy Pods Resources";
			outputPaths = (
			);
			runOnlyForDeploymentPostprocessing = 0;
			shellPath = /bin/sh;
			shellScript = "\"${SRCROOT}/Pods/Pods-resources.sh\"\n";
			showEnvVarsInLog = 0;
		};
		B8827056EFDA4DFC81436F64 /* Check Pods Manifest.lock */ = {
			isa = PBXShellScriptBuildPhase;
			buildActionMask = 2147483647;
			files = (
			);
			inputPaths = (
			);
			name = "Check Pods Manifest.lock";
			outputPaths = (
			);
			runOnlyForDeploymentPostprocessing = 0;
			shellPath = /bin/sh;
			shellScript = "diff \"${PODS_ROOT}/../Podfile.lock\" \"${PODS_ROOT}/Manifest.lock\" > /dev/null\nif [[ $? != 0 ]] ; then\n    cat << EOM\nerror: The sandbox is not in sync with the Podfile.lock. Run 'pod install' or update your CocoaPods installation.\nEOM\n    exit 1\nfi\n";
			showEnvVarsInLog = 0;
		};
/* End PBXShellScriptBuildPhase section */

/* Begin PBXSourcesBuildPhase section */
		3A9A37E918A9267800F604F0 /* Sources */ = {
			isa = PBXSourcesBuildPhase;
			buildActionMask = 2147483647;
			files = (
				3A9A380718A9267800F604F0 /* ViewController.m in Sources */,
				3A5A593118AEB2E00046F00B /* FriendsGroupDetailCell.m in Sources */,
				3A9A380118A9267800F604F0 /* AppDelegate.m in Sources */,
				3AFE993A18A9432C00D3D9EE /* CreateGroupViewController.m in Sources */,
				3A9A37FD18A9267800F604F0 /* main.m in Sources */,
				3A5A592E18AE8D1A0046F00B /* FriendsViewController.m in Sources */,
				E0984CE618AAD79100AAE67A /* ProfileViewController.m in Sources */,
				E0984CE318AA8D5E00AAE67A /* GroupsViewController.m in Sources */,
				3AFE993D18A97CB600D3D9EE /* NewsfeedViewController.m in Sources */,
				3A5A593618B04E0A0046F00B /* AddPointViewController.m in Sources */,
			);
			runOnlyForDeploymentPostprocessing = 0;
		};
		3A9A380A18A9267800F604F0 /* Sources */ = {
			isa = PBXSourcesBuildPhase;
			buildActionMask = 2147483647;
			files = (
				3A9A381C18A9267800F604F0 /* PointsTests.m in Sources */,
			);
			runOnlyForDeploymentPostprocessing = 0;
		};
/* End PBXSourcesBuildPhase section */

/* Begin PBXTargetDependency section */
		3A9A381418A9267800F604F0 /* PBXTargetDependency */ = {
			isa = PBXTargetDependency;
			target = 3A9A37EC18A9267800F604F0 /* Points */;
			targetProxy = 3A9A381318A9267800F604F0 /* PBXContainerItemProxy */;
		};
/* End PBXTargetDependency section */

/* Begin PBXVariantGroup section */
		3A9A37F918A9267800F604F0 /* InfoPlist.strings */ = {
			isa = PBXVariantGroup;
			children = (
				3A9A37FA18A9267800F604F0 /* en */,
			);
			name = InfoPlist.strings;
			sourceTree = "<group>";
		};
		3A9A380218A9267800F604F0 /* Main.storyboard */ = {
			isa = PBXVariantGroup;
			children = (
				3A9A380318A9267800F604F0 /* Base */,
			);
			name = Main.storyboard;
			sourceTree = "<group>";
		};
		3A9A381818A9267800F604F0 /* InfoPlist.strings */ = {
			isa = PBXVariantGroup;
			children = (
				3A9A381918A9267800F604F0 /* en */,
			);
			name = InfoPlist.strings;
			sourceTree = "<group>";
		};
/* End PBXVariantGroup section */

/* Begin XCBuildConfiguration section */
		3A9A381D18A9267800F604F0 /* Debug */ = {
			isa = XCBuildConfiguration;
			buildSettings = {
				ALWAYS_SEARCH_USER_PATHS = NO;
				ARCHS = "$(ARCHS_STANDARD_INCLUDING_64_BIT)";
				CLANG_CXX_LANGUAGE_STANDARD = "gnu++0x";
				CLANG_CXX_LIBRARY = "libc++";
				CLANG_ENABLE_MODULES = YES;
				CLANG_ENABLE_OBJC_ARC = YES;
				CLANG_WARN_BOOL_CONVERSION = YES;
				CLANG_WARN_CONSTANT_CONVERSION = YES;
				CLANG_WARN_DIRECT_OBJC_ISA_USAGE = YES_ERROR;
				CLANG_WARN_EMPTY_BODY = YES;
				CLANG_WARN_ENUM_CONVERSION = YES;
				CLANG_WARN_INT_CONVERSION = YES;
				CLANG_WARN_OBJC_ROOT_CLASS = YES_ERROR;
				CLANG_WARN__DUPLICATE_METHOD_MATCH = YES;
				"CODE_SIGN_IDENTITY[sdk=iphoneos*]" = "iPhone Developer";
				COPY_PHASE_STRIP = NO;
				GCC_C_LANGUAGE_STANDARD = gnu99;
				GCC_DYNAMIC_NO_PIC = NO;
				GCC_OPTIMIZATION_LEVEL = 0;
				GCC_PREPROCESSOR_DEFINITIONS = (
					"DEBUG=1",
					"$(inherited)",
				);
				GCC_SYMBOLS_PRIVATE_EXTERN = NO;
				GCC_WARN_64_TO_32_BIT_CONVERSION = YES;
				GCC_WARN_ABOUT_RETURN_TYPE = YES_ERROR;
				GCC_WARN_UNDECLARED_SELECTOR = YES;
				GCC_WARN_UNINITIALIZED_AUTOS = YES;
				GCC_WARN_UNUSED_FUNCTION = YES;
				GCC_WARN_UNUSED_VARIABLE = YES;
				IPHONEOS_DEPLOYMENT_TARGET = 7.0;
				ONLY_ACTIVE_ARCH = YES;
				SDKROOT = iphoneos;
			};
			name = Debug;
		};
		3A9A381E18A9267800F604F0 /* Release */ = {
			isa = XCBuildConfiguration;
			buildSettings = {
				ALWAYS_SEARCH_USER_PATHS = NO;
				ARCHS = "$(ARCHS_STANDARD_INCLUDING_64_BIT)";
				CLANG_CXX_LANGUAGE_STANDARD = "gnu++0x";
				CLANG_CXX_LIBRARY = "libc++";
				CLANG_ENABLE_MODULES = YES;
				CLANG_ENABLE_OBJC_ARC = YES;
				CLANG_WARN_BOOL_CONVERSION = YES;
				CLANG_WARN_CONSTANT_CONVERSION = YES;
				CLANG_WARN_DIRECT_OBJC_ISA_USAGE = YES_ERROR;
				CLANG_WARN_EMPTY_BODY = YES;
				CLANG_WARN_ENUM_CONVERSION = YES;
				CLANG_WARN_INT_CONVERSION = YES;
				CLANG_WARN_OBJC_ROOT_CLASS = YES_ERROR;
				CLANG_WARN__DUPLICATE_METHOD_MATCH = YES;
				"CODE_SIGN_IDENTITY[sdk=iphoneos*]" = "iPhone Developer";
				COPY_PHASE_STRIP = YES;
				ENABLE_NS_ASSERTIONS = NO;
				GCC_C_LANGUAGE_STANDARD = gnu99;
				GCC_WARN_64_TO_32_BIT_CONVERSION = YES;
				GCC_WARN_ABOUT_RETURN_TYPE = YES_ERROR;
				GCC_WARN_UNDECLARED_SELECTOR = YES;
				GCC_WARN_UNINITIALIZED_AUTOS = YES;
				GCC_WARN_UNUSED_FUNCTION = YES;
				GCC_WARN_UNUSED_VARIABLE = YES;
				IPHONEOS_DEPLOYMENT_TARGET = 7.0;
				SDKROOT = iphoneos;
				VALIDATE_PRODUCT = YES;
			};
			name = Release;
		};
		3A9A382018A9267800F604F0 /* Debug */ = {
			isa = XCBuildConfiguration;
			baseConfigurationReference = 2F1CBA4AED6447B596F9C26C /* Pods.xcconfig */;
			buildSettings = {
				ASSETCATALOG_COMPILER_APPICON_NAME = AppIcon;
				ASSETCATALOG_COMPILER_LAUNCHIMAGE_NAME = LaunchImage;
				FRAMEWORK_SEARCH_PATHS = (
					"$(inherited)",
					/Users/Sidreddy/Desktop/FacebookSDK,
				);
				GCC_PRECOMPILE_PREFIX_HEADER = YES;
				GCC_PREFIX_HEADER = "Points/Points-Prefix.pch";
				INFOPLIST_FILE = "Points/Points-Info.plist";
				PRODUCT_NAME = "$(TARGET_NAME)";
				WRAPPER_EXTENSION = app;
			};
			name = Debug;
		};
		3A9A382118A9267800F604F0 /* Release */ = {
			isa = XCBuildConfiguration;
			baseConfigurationReference = 2F1CBA4AED6447B596F9C26C /* Pods.xcconfig */;
			buildSettings = {
				ASSETCATALOG_COMPILER_APPICON_NAME = AppIcon;
				ASSETCATALOG_COMPILER_LAUNCHIMAGE_NAME = LaunchImage;
				FRAMEWORK_SEARCH_PATHS = (
					"$(inherited)",
					/Users/Sidreddy/Desktop/FacebookSDK,
				);
				GCC_PRECOMPILE_PREFIX_HEADER = YES;
				GCC_PREFIX_HEADER = "Points/Points-Prefix.pch";
				INFOPLIST_FILE = "Points/Points-Info.plist";
				PRODUCT_NAME = "$(TARGET_NAME)";
				WRAPPER_EXTENSION = app;
			};
			name = Release;
		};
		3A9A382318A9267800F604F0 /* Debug */ = {
			isa = XCBuildConfiguration;
			buildSettings = {
				ARCHS = "$(ARCHS_STANDARD_INCLUDING_64_BIT)";
				BUNDLE_LOADER = "$(BUILT_PRODUCTS_DIR)/Points.app/Points";
				FRAMEWORK_SEARCH_PATHS = (
					"$(SDKROOT)/Developer/Library/Frameworks",
					"$(inherited)",
					"$(DEVELOPER_FRAMEWORKS_DIR)",
				);
				GCC_PRECOMPILE_PREFIX_HEADER = YES;
				GCC_PREFIX_HEADER = "Points/Points-Prefix.pch";
				GCC_PREPROCESSOR_DEFINITIONS = (
					"DEBUG=1",
					"$(inherited)",
				);
				INFOPLIST_FILE = "PointsTests/PointsTests-Info.plist";
				PRODUCT_NAME = "$(TARGET_NAME)";
				TEST_HOST = "$(BUNDLE_LOADER)";
				WRAPPER_EXTENSION = xctest;
			};
			name = Debug;
		};
		3A9A382418A9267800F604F0 /* Release */ = {
			isa = XCBuildConfiguration;
			buildSettings = {
				ARCHS = "$(ARCHS_STANDARD_INCLUDING_64_BIT)";
				BUNDLE_LOADER = "$(BUILT_PRODUCTS_DIR)/Points.app/Points";
				FRAMEWORK_SEARCH_PATHS = (
					"$(SDKROOT)/Developer/Library/Frameworks",
					"$(inherited)",
					"$(DEVELOPER_FRAMEWORKS_DIR)",
				);
				GCC_PRECOMPILE_PREFIX_HEADER = YES;
				GCC_PREFIX_HEADER = "Points/Points-Prefix.pch";
				INFOPLIST_FILE = "PointsTests/PointsTests-Info.plist";
				PRODUCT_NAME = "$(TARGET_NAME)";
				TEST_HOST = "$(BUNDLE_LOADER)";
				WRAPPER_EXTENSION = xctest;
			};
			name = Release;
		};
/* End XCBuildConfiguration section */

/* Begin XCConfigurationList section */
		3A9A37E818A9267800F604F0 /* Build configuration list for PBXProject "Points" */ = {
			isa = XCConfigurationList;
			buildConfigurations = (
				3A9A381D18A9267800F604F0 /* Debug */,
				3A9A381E18A9267800F604F0 /* Release */,
			);
			defaultConfigurationIsVisible = 0;
			defaultConfigurationName = Release;
		};
		3A9A381F18A9267800F604F0 /* Build configuration list for PBXNativeTarget "Points" */ = {
			isa = XCConfigurationList;
			buildConfigurations = (
				3A9A382018A9267800F604F0 /* Debug */,
				3A9A382118A9267800F604F0 /* Release */,
			);
			defaultConfigurationIsVisible = 0;
			defaultConfigurationName = Release;
		};
		3A9A382218A9267800F604F0 /* Build configuration list for PBXNativeTarget "PointsTests" */ = {
			isa = XCConfigurationList;
			buildConfigurations = (
				3A9A382318A9267800F604F0 /* Debug */,
				3A9A382418A9267800F604F0 /* Release */,
			);
			defaultConfigurationIsVisible = 0;
			defaultConfigurationName = Release;
		};
/* End XCConfigurationList section */
	};
	rootObject = 3A9A37E518A9267800F604F0 /* Project object */;
}
